[[package]]
name = "blake3"
version = "0.3.1"
description = "Python bindings for the Rust blake3 crate"
category = "main"
optional = false
python-versions = "*"

[package.source]
type = "legacy"
url = "http://10.8.5.172:8081/simple"
reference = "work"

[[package]]
name = "growing-tree-base-mentalblood"
version = "1.9"
description = "Tool for saving files to continually growing dir tree"
category = "main"
optional = false
python-versions = ">=3.7"

[package.source]
type = "legacy"
url = "http://10.8.5.172:8081/simple"
reference = "work"

[[package]]
name = "peewee"
version = "3.14.8"
description = "a little orm"
category = "main"
optional = false
python-versions = "*"

[package.source]
type = "legacy"
url = "http://10.8.5.172:8081/simple"
reference = "work"

[metadata]
lock-version = "1.1"
python-versions = "^3.10"
content-hash = "6e1e2a5fe9a53aa0113d3cbb143ae2d03498d87d728a1896e8d3b11efbae9436"

[metadata.files]
blake3 = [
    {file = "blake3-0.3.1-cp310-cp310-macosx_10_7_x86_64.whl", hash = "sha256:b6f4c2387a790ea4d4048203d06d27d249d5d702fa16ee67b55e94e03a493f15"},
    {file = "blake3-0.3.1-cp310-cp310-macosx_11_0_arm64.whl", hash = "sha256:f4726857d743769b64b008dddf48bdd004bc837c8491d4d6568e0dee47bda009"},
    {file = "blake3-0.3.1-cp310-cp310-manylinux_2_5_x86_64.manylinux1_x86_64.whl", hash = "sha256:1e3d2923bf9846fdda3bb037e4ecf25fd3b071784c3131ee14ce1468f0f26b0c"},
    {file = "blake3-0.3.1-cp310-none-win32.whl", hash = "sha256:754809d7e288924f954f0961a559e5560881b397b699b9cd526ead46556a048b"},
    {file = "blake3-0.3.1-cp310-none-win_amd64.whl", hash = "sha256:6e2d14b46c59f9af5efca3c3e8b59ffe2909141c5edff330cf518b6848ec767c"},
    {file = "blake3-0.3.1-cp36-cp36m-macosx_10_7_x86_64.whl", hash = "sha256:744f49c564953e5ec16fbecb7efdac3ece42ae01ad06c01bd1f9abf3a1736f24"},
    {file = "blake3-0.3.1-cp36-cp36m-manylinux_2_5_x86_64.manylinux1_x86_64.whl", hash = "sha256:8b3b482b34ccf3c1ac8826b2c3d3723dae6c92c3f4d8de36a75bc858303a8829"},
    {file = "blake3-0.3.1-cp36-none-win32.whl", hash = "sha256:f285fe621d4e5e92a0fd31aef4a0913f64631da8abc96c7d5014eb8bce4b0d60"},
    {file = "blake3-0.3.1-cp36-none-win_amd64.whl", hash = "sha256:710ef9fcbbc72b18195e4421fb6ac46875344cbf18d61e684e3397a154715b73"},
    {file = "blake3-0.3.1-cp37-cp37m-macosx_10_7_x86_64.whl", hash = "sha256:44661d804aa2789fc0a3b99de43202bfc66c4ed9306edeb9e87add48709cf212"},
    {file = "blake3-0.3.1-cp37-cp37m-manylinux_2_5_x86_64.manylinux1_x86_64.whl", hash = "sha256:b527b9f36e52a112fa6dee7b2c4e916ec77c40b0ab6ffa52c75dfa02e49da984"},
    {file = "blake3-0.3.1-cp37-none-win32.whl", hash = "sha256:34fa5c3ce963a2f35e14c35e3be7d95eee48324a6454ec3df0538380fcac3d62"},
    {file = "blake3-0.3.1-cp37-none-win_amd64.whl", hash = "sha256:8438c07b0a6e51f652a1c08adfe2b86a29243749af2b72c9dae6487603a12142"},
    {file = "blake3-0.3.1-cp38-cp38-macosx_10_7_x86_64.whl", hash = "sha256:ce70ffd0ebdf1ad4fd1f95d431117b4e6eec6f992ca28cb5ae39686321da7e95"},
    {file = "blake3-0.3.1-cp38-cp38-macosx_11_0_arm64.whl", hash = "sha256:751ccd794410eaecf114b9504a992243840a166973cbd7a4e3e725ca2beb957c"},
    {file = "blake3-0.3.1-cp38-cp38-manylinux_2_5_x86_64.manylinux1_x86_64.whl", hash = "sha256:2e90662c7d8a181183154f402919b2e3e32792fcf4f47c4bc2a36752e8bb58c7"},
    {file = "blake3-0.3.1-cp38-none-win32.whl", hash = "sha256:aa39593212e0b1f9b5e64641ca68be085d64b552387801c97e0814413fad7a85"},
    {file = "blake3-0.3.1-cp38-none-win_amd64.whl", hash = "sha256:de84fe8489394fa2b45859cdc81dd88be0a707043185e5522920bf42acd74264"},
    {file = "blake3-0.3.1-cp39-cp39-macosx_10_7_x86_64.whl", hash = "sha256:a7eed069497df7464f153424eb81085fd46dae0f2b0a33e35c0f6276e3f97317"},
    {file = "blake3-0.3.1-cp39-cp39-macosx_11_0_arm64.whl", hash = "sha256:a7e019b48d1a1628355a318d9e26cd2c8e6b3617e42c57de3e56fbb2de9ef79f"},
    {file = "blake3-0.3.1-cp39-cp39-manylinux_2_5_x86_64.manylinux1_x86_64.whl", hash = "sha256:100a36d78eb568d8d27fdb40b1b1c95123334688c53004498f847f23f9f053c1"},
    {file = "blake3-0.3.1-cp39-none-win32.whl", hash = "sha256:4c6feb7fca4c411d46c95f505693a3d0c3410058e92df21a3d39f4d5ea0c72f5"},
    {file = "blake3-0.3.1-cp39-none-win_amd64.whl", hash = "sha256:2393b81dcd307823238798b400ec1460f2a09a3e1c2f442b3b53dc040addd54f"},
    {file = "blake3-0.3.1.tar.gz", hash = "sha256:b39709ce9da18e7bbd41353594796fb87e14c57fcd5c463ed43458349d34dfdc"},
]
growing-tree-base-mentalblood = [
    {file = "growing-tree-base-mentalblood-1.9.tar.gz", hash = "md5:8ddd2951f544ee12c971bcc2e8a61fd8"},
    {file = "growing_tree_base_mentalblood-1.9-py3-none-any.whl", hash = "md5:ffff635e7de27140d204090ef933e4ba"},
]
peewee = [
    {file = "peewee-3.14.8.tar.gz", hash = "sha256:01bd7f734defb08d7a3346a0c0ca7011bc8d0d685934ec0e001b3371d522ec53"},
]
